{
  "nodes": {
    "flake-utils": {
      "locked": {
        "lastModified": 1623875721,
        "narHash": "sha256-A8BU7bjS5GirpAUv4QA+QnJ4CceLHkcXdRp4xITDB0s=",
        "owner": "numtide",
        "repo": "flake-utils",
        "rev": "f7e004a55b120c02ecb6219596820fcd32ca8772",
        "type": "github"
      },
      "original": {
        "owner": "numtide",
        "repo": "flake-utils",
        "type": "github"
      }
    },
    "mongofix": {
      "locked": {
        "lastModified": 1634270806,
        "narHash": "sha256-9aDdu9s9Vz9UXGnMrtkUmZVtIBJhP65oSZGv0AIAqlI=",
        "owner": "jordanisaacs",
        "repo": "nixpkgs",
        "rev": "6ff6ccfa2504f544f3f42f44339366db4b87a7f2",
        "type": "github"
      },
      "original": {
        "owner": "jordanisaacs",
        "ref": "mongodb-portfix",
        "repo": "nixpkgs",
        "type": "github"
      }
    },
    "naersk": {
      "inputs": {
        "nixpkgs": "nixpkgs"
      },
      "locked": {
        "lastModified": 1632266297,
        "narHash": "sha256-J1yeJk6Gud9ef2pEf6aKQemrfg1pVngYDSh+SAY94xk=",
        "owner": "nix-community",
        "repo": "naersk",
        "rev": "ee7edec50b49ab6d69b06d62f1de554efccb1ccd",
        "type": "github"
      },
      "original": {
        "owner": "nix-community",
        "repo": "naersk",
        "type": "github"
      }
    },
    "nixpkgs": {
      "locked": {
        "lastModified": 1632781600,
        "narHash": "sha256-oTIEp0KMAeOdnM1er5AUjKjkobFy6KNL40zKCyWwXxU=",
        "owner": "NixOS",
        "repo": "nixpkgs",
        "rev": "d0e4e9b474742efe4100f26d46394e51ab8a8182",
        "type": "github"
      },
      "original": {
        "id": "nixpkgs",
        "type": "indirect"
      }
    },
    "nixpkgs_2": {
      "locked": {
        "lastModified": 1632660378,
        "narHash": "sha256-sjA8eQlnyDjDLyAyq3XlJmN0nqW0ftl/pb7VnMg86L0=",
        "owner": "nixos",
        "repo": "nixpkgs",
        "rev": "31ffc50c571e6683e9ecc9dbcbd4a8e9914b4497",
        "type": "github"
      },
      "original": {
        "owner": "nixos",
        "ref": "nixos-unstable",
        "repo": "nixpkgs",
        "type": "github"
      }
    },
    "nixpkgs_3": {
      "locked": {
        "lastModified": 1628186154,
        "narHash": "sha256-r2d0wvywFnL9z4iptztdFMhaUIAaGzrSs7kSok0PgmE=",
        "owner": "NixOS",
        "repo": "nixpkgs",
        "rev": "06552b72346632b6943c8032e57e702ea12413bf",
        "type": "github"
      },
      "original": {
        "owner": "NixOS",
        "repo": "nixpkgs",
        "type": "github"
      }
    },
    "nixpkgs_4": {
      "locked": {
        "lastModified": 1625223284,
        "narHash": "sha256-jjLcDSU1rRiJb+n3uez23XAa7kbnPcGZTa6jIKh1GMQ=",
        "owner": "NixOS",
        "repo": "nixpkgs",
        "rev": "357d2c8f6087685fe35cb1889a005a4dd4cce7b8",
        "type": "github"
      },
      "original": {
        "owner": "NixOS",
        "ref": "nixpkgs-unstable",
        "repo": "nixpkgs",
        "type": "github"
      }
    },
    "root": {
      "inputs": {
        "mongofix": "mongofix",
        "naersk": "naersk",
        "nixpkgs": "nixpkgs_2",
        "rust-overlay": "rust-overlay",
        "sops-nix": "sops-nix",
        "utils": "utils"
      }
    },
    "rust-overlay": {
      "inputs": {
        "flake-utils": "flake-utils",
        "nixpkgs": "nixpkgs_3"
      },
      "locked": {
        "lastModified": 1632708925,
        "narHash": "sha256-pXBOtAxYy7treLokyH5Y/RnMeaok1QmZoNlIhfZkcz0=",
        "owner": "oxalica",
        "repo": "rust-overlay",
        "rev": "054fd85fb221e4adddb019d530155754ada524ee",
        "type": "github"
      },
      "original": {
        "owner": "oxalica",
        "repo": "rust-overlay",
        "type": "github"
      }
    },
    "sops-nix": {
      "inputs": {
        "nixpkgs": "nixpkgs_4"
      },
      "locked": {
        "lastModified": 1633033239,
        "narHash": "sha256-n/EA5NwIg4Nm1vK4l33LRd0DqQrc8K0RTnDhvcAK/V8=",
        "owner": "Mic92",
        "repo": "sops-nix",
        "rev": "095fca05818c7f4c2285387b2eb94e13b683101a",
        "type": "github"
      },
      "original": {
        "owner": "Mic92",
        "repo": "sops-nix",
        "type": "github"
      }
    },
    "utils": {
      "locked": {
        "lastModified": 1631561581,
        "narHash": "sha256-3VQMV5zvxaVLvqqUrNz3iJelLw30mIVSfZmAaauM3dA=",
        "owner": "numtide",
        "repo": "flake-utils",
        "rev": "7e5bf3925f6fbdfaf50a2a7ca0be2879c4261d19",
        "type": "github"
      },
      "original": {
        "owner": "numtide",
        "repo": "flake-utils",
        "type": "github"
      }
    }
  },
  "root": "root",
  "version": 7
}
